
Microsoft Visual Studio Solution File, Format Version 12.00
# Visual Studio 15
VisualStudioVersion = 15.0.26124.0
MinimumVisualStudioVersion = 15.0.26124.0
Project("{2150E333-8FDC-42A3-9474-1A3956D46DE8}") = "src", "src", "{DD6DAB18-5370-4995-868D-402393A8A318}"
EndProject
Project("{FAE04EC0-301F-11D3-BF4B-00C04F79EFBC}") = "SolidFarm.Domain", "src\SolidFarm.Domain\SolidFarm.Domain.csproj", "{758FD0CC-7ABE-465B-BED7-18FBF5BB60F7}"
EndProject
Project("{FAE04EC0-301F-11D3-BF4B-00C04F79EFBC}") = "SolidFarm.UnitTests", "src\SolidFarm.UnitTests\SolidFarm.UnitTests.csproj", "{E2067E84-FCEC-4FA9-B667-15459A03B6FD}"
EndProject
Project("{FAE04EC0-301F-11D3-BF4B-00C04F79EFBC}") = "SolidFarm.Application", "src\SolidFarm.Application\SolidFarm.Application.csproj", "{DAEBD495-7712-44BB-ACBC-2140800405DD}"
EndProject
Global
	GlobalSection(SolutionConfigurationPlatforms) = preSolution
		Debug|Any CPU = Debug|Any CPU
		Debug|x64 = Debug|x64
		Debug|x86 = Debug|x86
		Release|Any CPU = Release|Any CPU
		Release|x64 = Release|x64
		Release|x86 = Release|x86
	EndGlobalSection
	GlobalSection(SolutionProperties) = preSolution
		HideSolutionNode = FALSE
	EndGlobalSection
	GlobalSection(ProjectConfigurationPlatforms) = postSolution
		{758FD0CC-7ABE-465B-BED7-18FBF5BB60F7}.Debug|Any CPU.ActiveCfg = Debug|Any CPU
		{758FD0CC-7ABE-465B-BED7-18FBF5BB60F7}.Debug|Any CPU.Build.0 = Debug|Any CPU
		{758FD0CC-7ABE-465B-BED7-18FBF5BB60F7}.Debug|x64.ActiveCfg = Debug|Any CPU
		{758FD0CC-7ABE-465B-BED7-18FBF5BB60F7}.Debug|x64.Build.0 = Debug|Any CPU
		{758FD0CC-7ABE-465B-BED7-18FBF5BB60F7}.Debug|x86.ActiveCfg = Debug|Any CPU
		{758FD0CC-7ABE-465B-BED7-18FBF5BB60F7}.Debug|x86.Build.0 = Debug|Any CPU
		{758FD0CC-7ABE-465B-BED7-18FBF5BB60F7}.Release|Any CPU.ActiveCfg = Release|Any CPU
		{758FD0CC-7ABE-465B-BED7-18FBF5BB60F7}.Release|Any CPU.Build.0 = Release|Any CPU
		{758FD0CC-7ABE-465B-BED7-18FBF5BB60F7}.Release|x64.ActiveCfg = Release|Any CPU
		{758FD0CC-7ABE-465B-BED7-18FBF5BB60F7}.Release|x64.Build.0 = Release|Any CPU
		{758FD0CC-7ABE-465B-BED7-18FBF5BB60F7}.Release|x86.ActiveCfg = Release|Any CPU
		{758FD0CC-7ABE-465B-BED7-18FBF5BB60F7}.Release|x86.Build.0 = Release|Any CPU
		{E2067E84-FCEC-4FA9-B667-15459A03B6FD}.Debug|Any CPU.ActiveCfg = Debug|Any CPU
		{E2067E84-FCEC-4FA9-B667-15459A03B6FD}.Debug|Any CPU.Build.0 = Debug|Any CPU
		{E2067E84-FCEC-4FA9-B667-15459A03B6FD}.Debug|x64.ActiveCfg = Debug|Any CPU
		{E2067E84-FCEC-4FA9-B667-15459A03B6FD}.Debug|x64.Build.0 = Debug|Any CPU
		{E2067E84-FCEC-4FA9-B667-15459A03B6FD}.Debug|x86.ActiveCfg = Debug|Any CPU
		{E2067E84-FCEC-4FA9-B667-15459A03B6FD}.Debug|x86.Build.0 = Debug|Any CPU
		{E2067E84-FCEC-4FA9-B667-15459A03B6FD}.Release|Any CPU.ActiveCfg = Release|Any CPU
		{E2067E84-FCEC-4FA9-B667-15459A03B6FD}.Release|Any CPU.Build.0 = Release|Any CPU
		{E2067E84-FCEC-4FA9-B667-15459A03B6FD}.Release|x64.ActiveCfg = Release|Any CPU
		{E2067E84-FCEC-4FA9-B667-15459A03B6FD}.Release|x64.Build.0 = Release|Any CPU
		{E2067E84-FCEC-4FA9-B667-15459A03B6FD}.Release|x86.ActiveCfg = Release|Any CPU
		{E2067E84-FCEC-4FA9-B667-15459A03B6FD}.Release|x86.Build.0 = Release|Any CPU
		{DAEBD495-7712-44BB-ACBC-2140800405DD}.Debug|Any CPU.ActiveCfg = Debug|Any CPU
		{DAEBD495-7712-44BB-ACBC-2140800405DD}.Debug|Any CPU.Build.0 = Debug|Any CPU
		{DAEBD495-7712-44BB-ACBC-2140800405DD}.Debug|x64.ActiveCfg = Debug|Any CPU
		{DAEBD495-7712-44BB-ACBC-2140800405DD}.Debug|x64.Build.0 = Debug|Any CPU
		{DAEBD495-7712-44BB-ACBC-2140800405DD}.Debug|x86.ActiveCfg = Debug|Any CPU
		{DAEBD495-7712-44BB-ACBC-2140800405DD}.Debug|x86.Build.0 = Debug|Any CPU
		{DAEBD495-7712-44BB-ACBC-2140800405DD}.Release|Any CPU.ActiveCfg = Release|Any CPU
		{DAEBD495-7712-44BB-ACBC-2140800405DD}.Release|Any CPU.Build.0 = Release|Any CPU
		{DAEBD495-7712-44BB-ACBC-2140800405DD}.Release|x64.ActiveCfg = Release|Any CPU
		{DAEBD495-7712-44BB-ACBC-2140800405DD}.Release|x64.Build.0 = Release|Any CPU
		{DAEBD495-7712-44BB-ACBC-2140800405DD}.Release|x86.ActiveCfg = Release|Any CPU
		{DAEBD495-7712-44BB-ACBC-2140800405DD}.Release|x86.Build.0 = Release|Any CPU
	EndGlobalSection
	GlobalSection(NestedProjects) = preSolution
		{758FD0CC-7ABE-465B-BED7-18FBF5BB60F7} = {DD6DAB18-5370-4995-868D-402393A8A318}
		{E2067E84-FCEC-4FA9-B667-15459A03B6FD} = {DD6DAB18-5370-4995-868D-402393A8A318}
		{DAEBD495-7712-44BB-ACBC-2140800405DD} = {DD6DAB18-5370-4995-868D-402393A8A318}
	EndGlobalSection
EndGlobal
